<?xml version="1.0" encoding="utf-8"?>
<Project ToolsVersion="4.0" xmlns="http://schemas.microsoft.com/developer/msbuild/2003">
  <ItemGroup>
    <Filter Include="Resource Files">
      <UniqueIdentifier>{67DA6AB6-F800-4c08-8B7A-83BB121AAD01}</UniqueIdentifier>
      <Extensions>rc;ico;cur;bmp;dlg;rc2;rct;bin;rgs;gif;jpg;jpeg;jpe;resx;tiff;tif;png;wav;mfcribbon-ms</Extensions>
    </Filter>
    <Filter Include="shaders">
      <UniqueIdentifier>{85311c36-0415-435a-ad87-9b44b72a621f}</UniqueIdentifier>
    </Filter>
    <Filter Include="systems">
      <UniqueIdentifier>{b64fff70-4c2d-4d93-89d1-9a048cc7007a}</UniqueIdentifier>
    </Filter>
    <Filter Include="systems\Header Files">
      <UniqueIdentifier>{07571436-86d1-4137-b480-56857906c37e}</UniqueIdentifier>
    </Filter>
    <Filter Include="systems\Source Files">
      <UniqueIdentifier>{b82736ec-7105-41c5-8ae3-205b77dbcdf7}</UniqueIdentifier>
    </Filter>
    <Filter Include="Main Files">
      <UniqueIdentifier>{1aacfa08-94d3-4621-bbf4-abe185b1b1c9}</UniqueIdentifier>
    </Filter>
    <Filter Include="Main Files\Header Files">
      <UniqueIdentifier>{93995380-89BD-4b04-88EB-625FBE52EBFB}</UniqueIdentifier>
      <Extensions>h;hh;hpp;hxx;h++;hm;inl;inc;ipp;xsd</Extensions>
    </Filter>
    <Filter Include="Main Files\Source Files">
      <UniqueIdentifier>{4FC737F1-C7A5-4376-A066-2A32D752A2FF}</UniqueIdentifier>
      <Extensions>cpp;c;cc;cxx;c++;cppm;ixx;def;odl;idl;hpj;bat;asm;asmx</Extensions>
    </Filter>
  </ItemGroup>
  <ItemGroup>
    <None Include="src\shaders\compile.bat">
      <Filter>Main Files\Source Files</Filter>
    </None>
    <None Include="src\shaders\point_light.frag" />
    <None Include="src\shaders\point_light.frag.spv" />
    <None Include="src\shaders\point_light.vert" />
    <None Include="src\shaders\point_light.vert.spv" />
    <None Include="src\shaders\simple_shader.frag" />
    <None Include="src\shaders\simple_shader.frag.spv" />
    <None Include="src\shaders\simple_shader.vert" />
    <None Include="src\shaders\simple_shader.vert.spv" />
  </ItemGroup>
  <ItemGroup>
    <ClCompile Include="src\first_app.cpp">
      <Filter>Main Files\Source Files</Filter>
    </ClCompile>
    <ClCompile Include="src\keyboard_movement_controller.cpp">
      <Filter>Main Files\Source Files</Filter>
    </ClCompile>
    <ClCompile Include="src\lve_buffer.cpp">
      <Filter>Main Files\Source Files</Filter>
    </ClCompile>
    <ClCompile Include="src\lve_camera.cpp">
      <Filter>Main Files\Source Files</Filter>
    </ClCompile>
    <ClCompile Include="src\lve_descriptors.cpp">
      <Filter>Main Files\Source Files</Filter>
    </ClCompile>
    <ClCompile Include="src\lve_device.cpp">
      <Filter>Main Files\Source Files</Filter>
    </ClCompile>
    <ClCompile Include="src\lve_game_object.cpp">
      <Filter>Main Files\Source Files</Filter>
    </ClCompile>
    <ClCompile Include="src\lve_model.cpp">
      <Filter>Main Files\Source Files</Filter>
    </ClCompile>
    <ClCompile Include="src\lve_pipeline.cpp">
      <Filter>Main Files\Source Files</Filter>
    </ClCompile>
    <ClCompile Include="src\lve_renderer.cpp">
      <Filter>Main Files\Source Files</Filter>
    </ClCompile>
    <ClCompile Include="src\lve_window.cpp">
      <Filter>Main Files\Source Files</Filter>
    </ClCompile>
    <ClCompile Include="src\main.cpp">
      <Filter>Main Files\Source Files</Filter>
    </ClCompile>
    <ClCompile Include="src\lve_swap_chain.cpp">
      <Filter>Main Files\Source Files</Filter>
    </ClCompile>
    <ClCompile Include="src\model_shapes.cpp">
      <Filter>Main Files\Source Files</Filter>
    </ClCompile>
    <ClCompile Include="src\point_light_system.cpp">
      <Filter>Main Files\Source Files</Filter>
    </ClCompile>
    <ClCompile Include="src\simple_render_system.cpp">
      <Filter>Main Files\Source Files</Filter>
    </ClCompile>
  </ItemGroup>
  <ItemGroup>
    <ClInclude Include="src\first_app.hpp">
      <Filter>Main Files\Header Files</Filter>
    </ClInclude>
    <ClInclude Include="src\keyboard_movement_controller.hpp">
      <Filter>Main Files\Header Files</Filter>
    </ClInclude>
    <ClInclude Include="src\lve_buffer.hpp">
      <Filter>Main Files\Header Files</Filter>
    </ClInclude>
    <ClInclude Include="src\lve_camera.hpp">
      <Filter>Main Files\Header Files</Filter>
    </ClInclude>
    <ClInclude Include="src\lve_descriptors.hpp">
      <Filter>Main Files\Header Files</Filter>
    </ClInclude>
    <ClInclude Include="src\lve_device.hpp">
      <Filter>Main Files\Header Files</Filter>
    </ClInclude>
    <ClInclude Include="src\lve_frame_info.hpp">
      <Filter>Main Files\Header Files</Filter>
    </ClInclude>
    <ClInclude Include="src\lve_game_object.hpp">
      <Filter>Main Files\Header Files</Filter>
    </ClInclude>
    <ClInclude Include="src\lve_model.hpp">
      <Filter>Main Files\Header Files</Filter>
    </ClInclude>
    <ClInclude Include="src\lve_pipeline.hpp">
      <Filter>Main Files\Header Files</Filter>
    </ClInclude>
    <ClInclude Include="src\lve_renderer.hpp">
      <Filter>Main Files\Header Files</Filter>
    </ClInclude>
    <ClInclude Include="src\lve_utils.hpp">
      <Filter>Main Files\Header Files</Filter>
    </ClInclude>
    <ClInclude Include="src\lve_window.hpp">
      <Filter>Main Files\Header Files</Filter>
    </ClInclude>
    <ClInclude Include="src\lve_swap_chain.hpp">
      <Filter>Main Files\Header Files</Filter>
    </ClInclude>
    <ClInclude Include="src\model_shapes.hpp">
      <Filter>Main Files\Header Files</Filter>
    </ClInclude>
    <ClInclude Include="src\point_light_system.hpp">
      <Filter>Main Files\Header Files</Filter>
    </ClInclude>
    <ClInclude Include="src\simple_render_system.hpp">
      <Filter>Main Files\Header Files</Filter>
    </ClInclude>
  </ItemGroup>
</Project>